# This file was autogenerated by Stack.
# You should not edit this file by hand.
# For more information, please see the documentation at:
#   https://docs.haskellstack.org/en/stable/lock_files

packages:
- completed:
    commit: 4b3d540d25ee939c8f10b0987e1fe2a69b3400a2
    git: https://github.com/agda/agda.git
    name: Agda
    pantry-tree:
      sha256: 758e4e642c2141261fb6ad0a78d957f342fcc7e237cd9d97bfd6c94740f5460c
      size: 758689
    version: 2.6.3
  original:
    commit: 4b3d540d25ee939c8f10b0987e1fe2a69b3400a2
    git: https://github.com/agda/agda.git
- completed:
    hackage: Unique-0.4.7.9@sha256:a7e154cf6d05169777a1e54aadab24fb3a6eae3ee167e5e77d7ba96d182436c7,2064
    pantry-tree:
      sha256: eb62502b1de8adee91f0feb104a36f87a21a9367f95295d4f12c73183a9b1e54
      size: 1366
  original:
    hackage: Unique-0.4.7.9@sha256:a7e154cf6d05169777a1e54aadab24fb3a6eae3ee167e5e77d7ba96d182436c7,2064
- completed:
    hackage: vector-hashtables-0.1.1.1@sha256:cb4ba4af6b83b6956278bbfe8d0f779a40928728e82977e566c0103fe8d6c867,2725
    pantry-tree:
      sha256: 312593e36891e5ee4664e8362551df6111209c5b6b90c6fc44c4517852cbe637
      size: 848
  original:
    hackage: vector-hashtables-0.1.1.1@sha256:cb4ba4af6b83b6956278bbfe8d0f779a40928728e82977e566c0103fe8d6c867,2725
snapshots:
- completed:
    sha256: ce4fb8d44f3c6c6032060a02e0ebb1bd29937c9a70101c1517b92a87d9515160
    size: 586110
    url: https://raw.githubusercontent.com/commercialhaskell/stackage-snapshots/master/lts/18/21.yaml
  original:
    url: https://raw.githubusercontent.com/commercialhaskell/stackage-snapshots/master/lts/18/21.yaml
